
Microsoft Visual Studio Solution File, Format Version 12.00
# Visual Studio 15
VisualStudioVersion = 15.0.28307.168
MinimumVisualStudioVersion = 10.0.40219.1
Project("{8BC9CEB8-8B4A-11D0-8D11-00A0C91BC942}") = "ccmap", "ccmap.vcxproj", "{4A2DC9FC-2CEC-4B52-8875-7DBFBF20CB51}"
EndProject
Global
	GlobalSection(SolutionConfigurationPlatforms) = preSolution
		Debug|x86 = Debug|x86
		Release|x86 = Release|x86
	EndGlobalSection
	GlobalSection(ProjectConfigurationPlatforms) = postSolution
		{4A2DC9FC-2CEC-4B52-8875-7DBFBF20CB51}.Debug|x86.ActiveCfg = Debug|Win32
		{4A2DC9FC-2CEC-4B52-8875-7DBFBF20CB51}.Debug|x86.Build.0 = Debug|Win32
		{4A2DC9FC-2CEC-4B52-8875-7DBFBF20CB51}.Release|x86.ActiveCfg = Release|Win32
		{4A2DC9FC-2CEC-4B52-8875-7DBFBF20CB51}.Release|x86.Build.0 = Release|Win32
	EndGlobalSection
	GlobalSection(SolutionProperties) = preSolution
		HideSolutionNode = FALSE
	EndGlobalSection
	GlobalSection(ExtensibilityGlobals) = postSolution
		SolutionGuid = {4A953E85-8F4A-435E-8D86-E8C00C576394}
	EndGlobalSection
EndGlobal
